
Microsoft Visual Studio Solution File, Format Version 12.00
# Visual Studio Version 17
VisualStudioVersion = 17.14.36518.9
MinimumVisualStudioVersion = 10.0.40219.1
Project("{FAE04EC0-301F-11D3-BF4B-00C04F79EFBC}") = "WebApplication4", "WebApplication4\WebApplication4.csproj", "{BEE65E9F-9EE0-46F9-9B71-52EC9F5FDA8E}"
EndProject
Global
	GlobalSection(SolutionConfigurationPlatforms) = preSolution
		Debug|Any CPU = Debug|Any CPU
		Release|Any CPU = Release|Any CPU
	EndGlobalSection
	GlobalSection(ProjectConfigurationPlatforms) = postSolution
		{BEE65E9F-9EE0-46F9-9B71-52EC9F5FDA8E}.Debug|Any CPU.ActiveCfg = Debug|Any CPU
		{BEE65E9F-9EE0-46F9-9B71-52EC9F5FDA8E}.Debug|Any CPU.Build.0 = Debug|Any CPU
		{BEE65E9F-9EE0-46F9-9B71-52EC9F5FDA8E}.Release|Any CPU.ActiveCfg = Release|Any CPU
		{BEE65E9F-9EE0-46F9-9B71-52EC9F5FDA8E}.Release|Any CPU.Build.0 = Release|Any CPU
	EndGlobalSection
	GlobalSection(SolutionProperties) = preSolution
		HideSolutionNode = FALSE
	EndGlobalSection
	GlobalSection(ExtensibilityGlobals) = postSolution
		SolutionGuid = {4584CB0D-9A21-4843-B717-D5A944F5E0D3}
	EndGlobalSection
EndGlobal
